// !$*UTF8*$!
{
	archiveVersion = 1;
	classes = {
	};
	objectVersion = 50;
	objects = {

/* Begin PBXBuildFile section */
		606644EB223FFED7006215A0 /* AppDelegate.swift in Sources */ = {isa = PBXBuildFile; fileRef = 606644EA223FFED7006215A0 /* AppDelegate.swift */; };
		606644ED223FFED7006215A0 /* ViewController.swift in Sources */ = {isa = PBXBuildFile; fileRef = 606644EC223FFED7006215A0 /* ViewController.swift */; };
		606644EF223FFED8006215A0 /* Assets.xcassets in Resources */ = {isa = PBXBuildFile; fileRef = 606644EE223FFED8006215A0 /* Assets.xcassets */; };
		606644F2223FFED8006215A0 /* Main.storyboard in Resources */ = {isa = PBXBuildFile; fileRef = 606644F0223FFED8006215A0 /* Main.storyboard */; };
		606644FE223FFED9006215A0 /* ModalInputTestTests.swift in Sources */ = {isa = PBXBuildFile; fileRef = 606644FD223FFED9006215A0 /* ModalInputTestTests.swift */; };
/* End PBXBuildFile section */

/* Begin PBXContainerItemProxy section */
		606644FA223FFED9006215A0 /* PBXContainerItemProxy */ = {
			isa = PBXContainerItemProxy;
			containerPortal = 606644DF223FFED7006215A0 /* Project object */;
			proxyType = 1;
			remoteGlobalIDString = 606644E6223FFED7006215A0;
			remoteInfo = ModalInputTest;
		};
/* End PBXContainerItemProxy section */

/* Begin PBXFileReference section */
		606644E7223FFED7006215A0 /* ModalInputTest.app */ = {isa = PBXFileReference; explicitFileType = wrapper.application; includeInIndex = 0; path = ModalInputTest.app; sourceTree = BUILT_PRODUCTS_DIR; };
		606644EA223FFED7006215A0 /* AppDelegate.swift */ = {isa = PBXFileReference; lastKnownFileType = sourcecode.swift; path = AppDelegate.swift; sourceTree = "<group>"; };
		606644EC223FFED7006215A0 /* ViewController.swift */ = {isa = PBXFileReference; lastKnownFileType = sourcecode.swift; path = ViewController.swift; sourceTree = "<group>"; };
		606644EE223FFED8006215A0 /* Assets.xcassets */ = {isa = PBXFileReference; lastKnownFileType = folder.assetcatalog; path = Assets.xcassets; sourceTree = "<group>"; };
		606644F1223FFED8006215A0 /* Base */ = {isa = PBXFileReference; lastKnownFileType = file.storyboard; name = Base; path = Base.lproj/Main.storyboard; sourceTree = "<group>"; };
		606644F3223FFED8006215A0 /* Info.plist */ = {isa = PBXFileReference; lastKnownFileType = text.plist.xml; path = Info.plist; sourceTree = "<group>"; };
		606644F4223FFED8006215A0 /* ModalInputTest.entitlements */ = {isa = PBXFileReference; lastKnownFileType = text.plist.entitlements; path = ModalInputTest.entitlements; sourceTree = "<group>"; };
		606644F9223FFED9006215A0 /* ModalInputTestTests.xctest */ = {isa = PBXFileReference; explicitFileType = wrapper.cfbundle; includeInIndex = 0; path = ModalInputTestTests.xctest; sourceTree = BUILT_PRODUCTS_DIR; };
		606644FD223FFED9006215A0 /* ModalInputTestTests.swift */ = {isa = PBXFileReference; lastKnownFileType = sourcecode.swift; path = ModalInputTestTests.swift; sourceTree = "<group>"; };
		606644FF223FFED9006215A0 /* Info.plist */ = {isa = PBXFileReference; lastKnownFileType = text.plist.xml; path = Info.plist; sourceTree = "<group>"; };
/* End PBXFileReference section */

/* Begin PBXFrameworksBuildPhase section */
		606644E4223FFED7006215A0 /* Frameworks */ = {
			isa = PBXFrameworksBuildPhase;
			buildActionMask = 2147483647;
			files = (
			);
			runOnlyForDeploymentPostprocessing = 0;
		};
		606644F6223FFED9006215A0 /* Frameworks */ = {
			isa = PBXFrameworksBuildPhase;
			buildActionMask = 2147483647;
			files = (
			);
			runOnlyForDeploymentPostprocessing = 0;
		};
/* End PBXFrameworksBuildPhase section */

/* Begin PBXGroup section */
		606644DE223FFED7006215A0 = {
			isa = PBXGroup;
			children = (
				606644E9223FFED7006215A0 /* ModalInputTest */,
				606644FC223FFED9006215A0 /* ModalInputTestTests */,
				606644E8223FFED7006215A0 /* Products */,
			);
			sourceTree = "<group>";
		};
		606644E8223FFED7006215A0 /* Products */ = {
			isa = PBXGroup;
			children = (
				606644E7223FFED7006215A0 /* ModalInputTest.app */,
				606644F9223FFED9006215A0 /* ModalInputTestTests.xctest */,
			);
			name = Products;
			sourceTree = "<group>";
		};
		606644E9223FFED7006215A0 /* ModalInputTest */ = {
			isa = PBXGroup;
			children = (
				606644EA223FFED7006215A0 /* AppDelegate.swift */,
				606644EC223FFED7006215A0 /* ViewController.swift */,
				606644EE223FFED8006215A0 /* Assets.xcassets */,
				606644F0223FFED8006215A0 /* Main.storyboard */,
				606644F3223FFED8006215A0 /* Info.plist */,
				606644F4223FFED8006215A0 /* ModalInputTest.entitlements */,
			);
			path = ModalInputTest;
			sourceTree = "<group>";
		};
		606644FC223FFED9006215A0 /* ModalInputTestTests */ = {
			isa = PBXGroup;
			children = (
				606644FD223FFED9006215A0 /* ModalInputTestTests.swift */,
				606644FF223FFED9006215A0 /* Info.plist */,
			);
			path = ModalInputTestTests;
			sourceTree = "<group>";
		};
/* End PBXGroup section */

/* Begin PBXNativeTarget section */
		606644E6223FFED7006215A0 /* ModalInputTest */ = {
			isa = PBXNativeTarget;
			buildConfigurationList = 60664502223FFED9006215A0 /* Build configuration list for PBXNativeTarget "ModalInputTest" */;
			buildPhases = (
				606644E3223FFED7006215A0 /* Sources */,
				606644E4223FFED7006215A0 /* Frameworks */,
				606644E5223FFED7006215A0 /* Resources */,
			);
			buildRules = (
			);
			dependencies = (
			);
			name = ModalInputTest;
			productName = ModalInputTest;
			productReference = 606644E7223FFED7006215A0 /* ModalInputTest.app */;
			productType = "com.apple.product-type.application";
		};
		606644F8223FFED9006215A0 /* ModalInputTestTests */ = {
			isa = PBXNativeTarget;
			buildConfigurationList = 60664505223FFED9006215A0 /* Build configuration list for PBXNativeTarget "ModalInputTestTests" */;
			buildPhases = (
				606644F5223FFED9006215A0 /* Sources */,
				606644F6223FFED9006215A0 /* Frameworks */,
				606644F7223FFED9006215A0 /* Resources */,
			);
			buildRules = (
			);
			dependencies = (
				606644FB223FFED9006215A0 /* PBXTargetDependency */,
			);
			name = ModalInputTestTests;
			productName = ModalInputTestTests;
			productReference = 606644F9223FFED9006215A0 /* ModalInputTestTests.xctest */;
			productType = "com.apple.product-type.bundle.unit-test";
		};
/* End PBXNativeTarget section */

/* Begin PBXProject section */
		606644DF223FFED7006215A0 /* Project object */ = {
			isa = PBXProject;
			attributes = {
				LastSwiftUpdateCheck = 1010;
				LastUpgradeCheck = 1010;
				ORGANIZATIONNAME = "Colin Rofls";
				TargetAttributes = {
					606644E6223FFED7006215A0 = {
						CreatedOnToolsVersion = 10.1;
					};
					606644F8223FFED9006215A0 = {
						CreatedOnToolsVersion = 10.1;
						TestTargetID = 606644E6223FFED7006215A0;
					};
				};
			};
			buildConfigurationList = 606644E2223FFED7006215A0 /* Build configuration list for PBXProject "ModalInputTest" */;
			compatibilityVersion = "Xcode 9.3";
			developmentRegion = en;
			hasScannedForEncodings = 0;
			knownRegions = (
				en,
				Base,
			);
			mainGroup = 606644DE223FFED7006215A0;
			productRefGroup = 606644E8223FFED7006215A0 /* Products */;
			projectDirPath = "";
			projectRoot = "";
			targets = (
				606644E6223FFED7006215A0 /* ModalInputTest */,
				606644F8223FFED9006215A0 /* ModalInputTestTests */,
			);
		};
/* End PBXProject section */

/* Begin PBXResourcesBuildPhase section */
		606644E5223FFED7006215A0 /* Resources */ = {
			isa = PBXResourcesBuildPhase;
			buildActionMask = 2147483647;
			files = (
				606644EF223FFED8006215A0 /* Assets.xcassets in Resources */,
				606644F2223FFED8006215A0 /* Main.storyboard in Resources */,
			);
			runOnlyForDeploymentPostprocessing = 0;
		};
		606644F7223FFED9006215A0 /* Resources */ = {
			isa = PBXResourcesBuildPhase;
			buildActionMask = 2147483647;
			files = (
			);
			runOnlyForDeploymentPostprocessing = 0;
		};
/* End PBXResourcesBuildPhase section */

/* Begin PBXSourcesBuildPhase section */
		606644E3223FFED7006215A0 /* Sources */ = {
			isa = PBXSourcesBuildPhase;
			buildActionMask = 2147483647;
			files = (
				606644ED223FFED7006215A0 /* ViewController.swift in Sources */,
				606644EB223FFED7006215A0 /* AppDelegate.swift in Sources */,
			);
			runOnlyForDeploymentPostprocessing = 0;
		};
		606644F5223FFED9006215A0 /* Sources */ = {
			isa = PBXSourcesBuildPhase;
			buildActionMask = 2147483647;
			files = (
				606644FE223FFED9006215A0 /* ModalInputTestTests.swift in Sources */,
			);
			runOnlyForDeploymentPostprocessing = 0;
		};
/* End PBXSourcesBuildPhase section */

/* Begin PBXTargetDependency section */
		606644FB223FFED9006215A0 /* PBXTargetDependency */ = {
			isa = PBXTargetDependency;
			target = 606644E6223FFED7006215A0 /* ModalInputTest */;
			targetProxy = 606644FA223FFED9006215A0 /* PBXContainerItemProxy */;
		};
/* End PBXTargetDependency section */

/* Begin PBXVariantGroup section */
		606644F0223FFED8006215A0 /* Main.storyboard */ = {
			isa = PBXVariantGroup;
			children = (
				606644F1223FFED8006215A0 /* Base */,
			);
			name = Main.storyboard;
			sourceTree = "<group>";
		};
/* End PBXVariantGroup section */

/* Begin XCBuildConfiguration section */
		60664500223FFED9006215A0 /* Debug */ = {
			isa = XCBuildConfiguration;
			buildSettings = {
				ALWAYS_SEARCH_USER_PATHS = NO;
				CLANG_ANALYZER_NONNULL = YES;
				CLANG_ANALYZER_NUMBER_OBJECT_CONVERSION = YES_AGGRESSIVE;
				CLANG_CXX_LANGUAGE_STANDARD = "gnu++14";
				CLANG_CXX_LIBRARY = "libc++";
				CLANG_ENABLE_MODULES = YES;
				CLANG_ENABLE_OBJC_ARC = YES;
				CLANG_ENABLE_OBJC_WEAK = YES;
				CLANG_WARN_BLOCK_CAPTURE_AUTORELEASING = YES;
				CLANG_WARN_BOOL_CONVERSION = YES;
				CLANG_WARN_COMMA = YES;
				CLANG_WARN_CONSTANT_CONVERSION = YES;
				CLANG_WARN_DEPRECATED_OBJC_IMPLEMENTATIONS = YES;
				CLANG_WARN_DIRECT_OBJC_ISA_USAGE = YES_ERROR;
				CLANG_WARN_DOCUMENTATION_COMMENTS = YES;
				CLANG_WARN_EMPTY_BODY = YES;
				CLANG_WARN_ENUM_CONVERSION = YES;
				CLANG_WARN_INFINITE_RECURSION = YES;
				CLANG_WARN_INT_CONVERSION = YES;
				CLANG_WARN_NON_LITERAL_NULL_CONVERSION = YES;
				CLANG_WARN_OBJC_IMPLICIT_RETAIN_SELF = YES;
				CLANG_WARN_OBJC_LITERAL_CONVERSION = YES;
				CLANG_WARN_OBJC_ROOT_CLASS = YES_ERROR;
				CLANG_WARN_RANGE_LOOP_ANALYSIS = YES;
				CLANG_WARN_STRICT_PROTOTYPES = YES;
				CLANG_WARN_SUSPICIOUS_MOVE = YES;
				CLANG_WARN_UNGUARDED_AVAILABILITY = YES_AGGRESSIVE;
				CLANG_WARN_UNREACHABLE_CODE = YES;
				CLANG_WARN__DUPLICATE_METHOD_MATCH = YES;
				CODE_SIGN_IDENTITY = "-";
				COPY_PHASE_STRIP = NO;
				DEBUG_INFORMATION_FORMAT = dwarf;
				ENABLE_STRICT_OBJC_MSGSEND = YES;
				ENABLE_TESTABILITY = YES;
				GCC_C_LANGUAGE_STANDARD = gnu11;
				GCC_DYNAMIC_NO_PIC = NO;
				GCC_NO_COMMON_BLOCKS = YES;
				GCC_OPTIMIZATION_LEVEL = 0;
				GCC_PREPROCESSOR_DEFINITIONS = (
					"DEBUG=1",
					"$(inherited)",
				);
				GCC_WARN_64_TO_32_BIT_CONVERSION = YES;
				GCC_WARN_ABOUT_RETURN_TYPE = YES_ERROR;
				GCC_WARN_UNDECLARED_SELECTOR = YES;
				GCC_WARN_UNINITIALIZED_AUTOS = YES_AGGRESSIVE;
				GCC_WARN_UNUSED_FUNCTION = YES;
				GCC_WARN_UNUSED_VARIABLE = YES;
				MACOSX_DEPLOYMENT_TARGET = 10.14;
				MTL_ENABLE_DEBUG_INFO = INCLUDE_SOURCE;
				MTL_FAST_MATH = YES;
				ONLY_ACTIVE_ARCH = YES;
				SDKROOT = macosx;
				SWIFT_ACTIVE_COMPILATION_CONDITIONS = DEBUG;
				SWIFT_OPTIMIZATION_LEVEL = "-Onone";
			};
			name = Debug;
		};
		60664501223FFED9006215A0 /* Release */ = {
			isa = XCBuildConfiguration;
			buildSettings = {
				ALWAYS_SEARCH_USER_PATHS = NO;
				CLANG_ANALYZER_NONNULL = YES;
				CLANG_ANALYZER_NUMBER_OBJECT_CONVERSION = YES_AGGRESSIVE;
				CLANG_CXX_LANGUAGE_STANDARD = "gnu++14";
				CLANG_CXX_LIBRARY = "libc++";
				CLANG_ENABLE_MODULES = YES;
				CLANG_ENABLE_OBJC_ARC = YES;
				CLANG_ENABLE_OBJC_WEAK = YES;
				CLANG_WARN_BLOCK_CAPTURE_AUTORELEASING = YES;
				CLANG_WARN_BOOL_CONVERSION = YES;
				CLANG_WARN_COMMA = YES;
				CLANG_WARN_CONSTANT_CONVERSION = YES;
				CLANG_WARN_DEPRECATED_OBJC_IMPLEMENTATIONS = YES;
				CLANG_WARN_DIRECT_OBJC_ISA_USAGE = YES_ERROR;
				CLANG_WARN_DOCUMENTATION_COMMENTS = YES;
				CLANG_WARN_EMPTY_BODY = YES;
				CLANG_WARN_ENUM_CONVERSION = YES;
				CLANG_WARN_INFINITE_RECURSION = YES;
				CLANG_WARN_INT_CONVERSION = YES;
				CLANG_WARN_NON_LITERAL_NULL_CONVERSION = YES;
				CLANG_WARN_OBJC_IMPLICIT_RETAIN_SELF = YES;
				CLANG_WARN_OBJC_LITERAL_CONVERSION = YES;
				CLANG_WARN_OBJC_ROOT_CLASS = YES_ERROR;
				CLANG_WARN_RANGE_LOOP_ANALYSIS = YES;
				CLANG_WARN_STRICT_PROTOTYPES = YES;
				CLANG_WARN_SUSPICIOUS_MOVE = YES;
				CLANG_WARN_UNGUARDED_AVAILABILITY = YES_AGGRESSIVE;
				CLANG_WARN_UNREACHABLE_CODE = YES;
				CLANG_WARN__DUPLICATE_METHOD_MATCH = YES;
				CODE_SIGN_IDENTITY = "-";
				COPY_PHASE_STRIP = NO;
				DEBUG_INFORMATION_FORMAT = "dwarf-with-dsym";
				ENABLE_NS_ASSERTIONS = NO;
				ENABLE_STRICT_OBJC_MSGSEND = YES;
				GCC_C_LANGUAGE_STANDARD = gnu11;
				GCC_NO_COMMON_BLOCKS = YES;
				GCC_WARN_64_TO_32_BIT_CONVERSION = YES;
				GCC_WARN_ABOUT_RETURN_TYPE = YES_ERROR;
				GCC_WARN_UNDECLARED_SELECTOR = YES;
				GCC_WARN_UNINITIALIZED_AUTOS = YES_AGGRESSIVE;
				GCC_WARN_UNUSED_FUNCTION = YES;
				GCC_WARN_UNUSED_VARIABLE = YES;
				MACOSX_DEPLOYMENT_TARGET = 10.14;
				MTL_ENABLE_DEBUG_INFO = NO;
				MTL_FAST_MATH = YES;
				SDKROOT = macosx;
				SWIFT_COMPILATION_MODE = wholemodule;
				SWIFT_OPTIMIZATION_LEVEL = "-O";
			};
			name = Release;
		};
		60664503223FFED9006215A0 /* Debug */ = {
			isa = XCBuildConfiguration;
			buildSettings = {
				ASSETCATALOG_COMPILER_APPICON_NAME = AppIcon;
				CODE_SIGN_ENTITLEMENTS = ModalInputTest/ModalInputTest.entitlements;
				CODE_SIGN_STYLE = Automatic;
				COMBINE_HIDPI_IMAGES = YES;
				INFOPLIST_FILE = ModalInputTest/Info.plist;
				LD_RUNPATH_SEARCH_PATHS = (
					"$(inherited)",
					"@executable_path/../Frameworks",
				);
				PRODUCT_BUNDLE_IDENTIFIER = net.cmyr.ModalInputTest;
				PRODUCT_NAME = "$(TARGET_NAME)";
				SWIFT_VERSION = 4.2;
			};
			name = Debug;
		};
		60664504223FFED9006215A0 /* Release */ = {
			isa = XCBuildConfiguration;
			buildSettings = {
				ASSETCATALOG_COMPILER_APPICON_NAME = AppIcon;
				CODE_SIGN_ENTITLEMENTS = ModalInputTest/ModalInputTest.entitlements;
				CODE_SIGN_STYLE = Automatic;
				COMBINE_HIDPI_IMAGES = YES;
				INFOPLIST_FILE = ModalInputTest/Info.plist;
				LD_RUNPATH_SEARCH_PATHS = (
					"$(inherited)",
					"@executable_path/../Frameworks",
				);
				PRODUCT_BUNDLE_IDENTIFIER = net.cmyr.ModalInputTest;
				PRODUCT_NAME = "$(TARGET_NAME)";
				SWIFT_VERSION = 4.2;
			};
			name = Release;
		};
		60664506223FFED9006215A0 /* Debug */ = {
			isa = XCBuildConfiguration;
			buildSettings = {
				ALWAYS_EMBED_SWIFT_STANDARD_LIBRARIES = YES;
				BUNDLE_LOADER = "$(TEST_HOST)";
				CODE_SIGN_STYLE = Automatic;
				COMBINE_HIDPI_IMAGES = YES;
				INFOPLIST_FILE = ModalInputTestTests/Info.plist;
				LD_RUNPATH_SEARCH_PATHS = (
					"$(inherited)",
					"@executable_path/../Frameworks",
					"@loader_path/../Frameworks",
				);
				PRODUCT_BUNDLE_IDENTIFIER = net.cmyr.ModalInputTestTests;
				PRODUCT_NAME = "$(TARGET_NAME)";
				SWIFT_VERSION = 4.2;
				TEST_HOST = "$(BUILT_PRODUCTS_DIR)/ModalInputTest.app/Contents/MacOS/ModalInputTest";
			};
			name = Debug;
		};
		60664507223FFED9006215A0 /* Release */ = {
			isa = XCBuildConfiguration;
			buildSettings = {
				ALWAYS_EMBED_SWIFT_STANDARD_LIBRARIES = YES;
				BUNDLE_LOADER = "$(TEST_HOST)";
				CODE_SIGN_STYLE = Automatic;
				COMBINE_HIDPI_IMAGES = YES;
				INFOPLIST_FILE = ModalInputTestTests/Info.plist;
				LD_RUNPATH_SEARCH_PATHS = (
					"$(inherited)",
					"@executable_path/../Frameworks",
					"@loader_path/../Frameworks",
				);
				PRODUCT_BUNDLE_IDENTIFIER = net.cmyr.ModalInputTestTests;
				PRODUCT_NAME = "$(TARGET_NAME)";
				SWIFT_VERSION = 4.2;
				TEST_HOST = "$(BUILT_PRODUCTS_DIR)/ModalInputTest.app/Contents/MacOS/ModalInputTest";
			};
			name = Release;
		};
/* End XCBuildConfiguration section */

/* Begin XCConfigurationList section */
		606644E2223FFED7006215A0 /* Build configuration list for PBXProject "ModalInputTest" */ = {
			isa = XCConfigurationList;
			buildConfigurations = (
				60664500223FFED9006215A0 /* Debug */,
				60664501223FFED9006215A0 /* Release */,
			);
			defaultConfigurationIsVisible = 0;
			defaultConfigurationName = Release;
		};
		60664502223FFED9006215A0 /* Build configuration list for PBXNativeTarget "ModalInputTest" */ = {
			isa = XCConfigurationList;
			buildConfigurations = (
				60664503223FFED9006215A0 /* Debug */,
				60664504223FFED9006215A0 /* Release */,
			);
			defaultConfigurationIsVisible = 0;
			defaultConfigurationName = Release;
		};
		60664505223FFED9006215A0 /* Build configuration list for PBXNativeTarget "ModalInputTestTests" */ = {
			isa = XCConfigurationList;
			buildConfigurations = (
				60664506223FFED9006215A0 /* Debug */,
				60664507223FFED9006215A0 /* Release */,
			);
			defaultConfigurationIsVisible = 0;
			defaultConfigurationName = Release;
		};
/* End XCConfigurationList section */
	};
	rootObject = 606644DF223FFED7006215A0 /* Project object */;
}
